
Microsoft Visual Studio Solution File, Format Version 12.00
# Visual Studio Version 16
VisualStudioVersion = 16.0.30621.155
MinimumVisualStudioVersion = 10.0.40219.1
Project("{FAE04EC0-301F-11D3-BF4B-00C04F79EFBC}") = "NestoAPI", "NestoAPI\NestoAPI.csproj", "{6789673D-EE07-4FEB-9848-C74FE9D1137A}"
EndProject
Project("{FAE04EC0-301F-11D3-BF4B-00C04F79EFBC}") = "NestoAPI.Tests", "NestoAPI.Tests\NestoAPI.Tests.csproj", "{375DC8DC-6664-46A2-8F47-8A12C97F1EDE}"
EndProject
Project("{FAE04EC0-301F-11D3-BF4B-00C04F79EFBC}") = "RedsysAPI", "..\..\..\Desktop\API_.NET\RedsysAPI\RedsysAPI\RedsysAPI.csproj", "{170BEAFF-C372-4614-9AFD-86598A3C3C9A}"
EndProject
Global
	GlobalSection(SolutionConfigurationPlatforms) = preSolution
		Debug|Any CPU = Debug|Any CPU
		Release|Any CPU = Release|Any CPU
	EndGlobalSection
	GlobalSection(ProjectConfigurationPlatforms) = postSolution
		{6789673D-EE07-4FEB-9848-C74FE9D1137A}.Debug|Any CPU.ActiveCfg = Debug|Any CPU
		{6789673D-EE07-4FEB-9848-C74FE9D1137A}.Debug|Any CPU.Build.0 = Debug|Any CPU
		{6789673D-EE07-4FEB-9848-C74FE9D1137A}.Release|Any CPU.ActiveCfg = Release|Any CPU
		{6789673D-EE07-4FEB-9848-C74FE9D1137A}.Release|Any CPU.Build.0 = Release|Any CPU
		{375DC8DC-6664-46A2-8F47-8A12C97F1EDE}.Debug|Any CPU.ActiveCfg = Debug|Any CPU
		{375DC8DC-6664-46A2-8F47-8A12C97F1EDE}.Debug|Any CPU.Build.0 = Debug|Any CPU
		{375DC8DC-6664-46A2-8F47-8A12C97F1EDE}.Release|Any CPU.ActiveCfg = Release|Any CPU
		{375DC8DC-6664-46A2-8F47-8A12C97F1EDE}.Release|Any CPU.Build.0 = Release|Any CPU
		{170BEAFF-C372-4614-9AFD-86598A3C3C9A}.Debug|Any CPU.ActiveCfg = Debug|Any CPU
		{170BEAFF-C372-4614-9AFD-86598A3C3C9A}.Debug|Any CPU.Build.0 = Debug|Any CPU
		{170BEAFF-C372-4614-9AFD-86598A3C3C9A}.Release|Any CPU.ActiveCfg = Release|Any CPU
		{170BEAFF-C372-4614-9AFD-86598A3C3C9A}.Release|Any CPU.Build.0 = Release|Any CPU
	EndGlobalSection
	GlobalSection(SolutionProperties) = preSolution
		HideSolutionNode = FALSE
	EndGlobalSection
	GlobalSection(ExtensibilityGlobals) = postSolution
		SolutionGuid = {3D9D29F3-7470-47BA-8D93-0FD978B613C1}
	EndGlobalSection
EndGlobal
